
Microsoft Visual Studio Solution File, Format Version 12.00
# Visual Studio Version 17
VisualStudioVersion = 17.11.35303.130
MinimumVisualStudioVersion = 10.0.40219.1
Project("{9A19103F-16F7-4668-BE54-9A1E7A4F7556}") = "Wiz.Template.API", "src\Wiz.Template.API\Wiz.Template.API.csproj", "{9E49153B-CB6F-40A2-B92B-3D69AEC8C425}"
EndProject
Project("{9A19103F-16F7-4668-BE54-9A1E7A4F7556}") = "Wiz.Template.Domain", "src\Wiz.Template.Domain\Wiz.Template.Domain.csproj", "{5AE1A3DC-A81E-4894-8899-F29BFFEC5BC2}"
EndProject
Project("{9A19103F-16F7-4668-BE54-9A1E7A4F7556}") = "Wiz.Template.Infra", "src\Wiz.Template.Infra\Wiz.Template.Infra.csproj", "{9C8B583D-0E7F-48EF-A96A-6E6D5F85A821}"
EndProject
Project("{2150E333-8FDC-42A3-9474-1A3956D46DE8}") = "src", "src", "{662F7144-A851-40F7-A6EE-DE6325BC07BC}"
EndProject
Project("{2150E333-8FDC-42A3-9474-1A3956D46DE8}") = "test", "test", "{79E05ACF-1AD9-4B93-AF9F-D04C097545E0}"
EndProject
Project("{9A19103F-16F7-4668-BE54-9A1E7A4F7556}") = "Wiz.Template.Application", "src\Wiz.Template.Application\Wiz.Template.Application.csproj", "{BF771F4A-5DF8-4021-B845-0DF9DB91E32D}"
EndProject
Project("{2150E333-8FDC-42A3-9474-1A3956D46DE8}") = ".template.config", ".template.config", "{097F7C1D-6CC7-4CAE-B197-2A405513C58A}"
	ProjectSection(SolutionItems) = preProject
		.template.config\template.json = .template.config\template.json
	EndProjectSection
EndProject
Project("{2150E333-8FDC-42A3-9474-1A3956D46DE8}") = "deploy", "deploy", "{1EB1B395-987E-41FE-8EB3-6246DC43D099}"
	ProjectSection(SolutionItems) = preProject
		azure-pipelines.yml = azure-pipelines.yml
	EndProjectSection
EndProject
Project("{2150E333-8FDC-42A3-9474-1A3956D46DE8}") = "SolutionItems", "SolutionItems", "{3E3060FB-B468-4775-ABC3-DEDC6F37451B}"
	ProjectSection(SolutionItems) = preProject
		LICENSE = LICENSE
		README-TEMPLATE.md = README-TEMPLATE.md
		README.md = README.md
		Wiz.Dotnet.Template.API.nuspec = Wiz.Dotnet.Template.API.nuspec
	EndProjectSection
EndProject
Global
	GlobalSection(SolutionConfigurationPlatforms) = preSolution
		Debug|Any CPU = Debug|Any CPU
		Release|Any CPU = Release|Any CPU
	EndGlobalSection
	GlobalSection(ProjectConfigurationPlatforms) = postSolution
		{9E49153B-CB6F-40A2-B92B-3D69AEC8C425}.Debug|Any CPU.ActiveCfg = Debug|Any CPU
		{9E49153B-CB6F-40A2-B92B-3D69AEC8C425}.Debug|Any CPU.Build.0 = Debug|Any CPU
		{9E49153B-CB6F-40A2-B92B-3D69AEC8C425}.Release|Any CPU.ActiveCfg = Release|Any CPU
		{9E49153B-CB6F-40A2-B92B-3D69AEC8C425}.Release|Any CPU.Build.0 = Release|Any CPU
		{5AE1A3DC-A81E-4894-8899-F29BFFEC5BC2}.Debug|Any CPU.ActiveCfg = Debug|Any CPU
		{5AE1A3DC-A81E-4894-8899-F29BFFEC5BC2}.Debug|Any CPU.Build.0 = Debug|Any CPU
		{5AE1A3DC-A81E-4894-8899-F29BFFEC5BC2}.Release|Any CPU.ActiveCfg = Release|Any CPU
		{5AE1A3DC-A81E-4894-8899-F29BFFEC5BC2}.Release|Any CPU.Build.0 = Release|Any CPU
		{9C8B583D-0E7F-48EF-A96A-6E6D5F85A821}.Debug|Any CPU.ActiveCfg = Debug|Any CPU
		{9C8B583D-0E7F-48EF-A96A-6E6D5F85A821}.Debug|Any CPU.Build.0 = Debug|Any CPU
		{9C8B583D-0E7F-48EF-A96A-6E6D5F85A821}.Release|Any CPU.ActiveCfg = Release|Any CPU
		{9C8B583D-0E7F-48EF-A96A-6E6D5F85A821}.Release|Any CPU.Build.0 = Release|Any CPU
		{BF771F4A-5DF8-4021-B845-0DF9DB91E32D}.Debug|Any CPU.ActiveCfg = Debug|Any CPU
		{BF771F4A-5DF8-4021-B845-0DF9DB91E32D}.Debug|Any CPU.Build.0 = Debug|Any CPU
		{BF771F4A-5DF8-4021-B845-0DF9DB91E32D}.Release|Any CPU.ActiveCfg = Release|Any CPU
		{BF771F4A-5DF8-4021-B845-0DF9DB91E32D}.Release|Any CPU.Build.0 = Release|Any CPU
	EndGlobalSection
	GlobalSection(SolutionProperties) = preSolution
		HideSolutionNode = FALSE
	EndGlobalSection
	GlobalSection(NestedProjects) = preSolution
		{9E49153B-CB6F-40A2-B92B-3D69AEC8C425} = {662F7144-A851-40F7-A6EE-DE6325BC07BC}
		{5AE1A3DC-A81E-4894-8899-F29BFFEC5BC2} = {662F7144-A851-40F7-A6EE-DE6325BC07BC}
		{9C8B583D-0E7F-48EF-A96A-6E6D5F85A821} = {662F7144-A851-40F7-A6EE-DE6325BC07BC}
		{BF771F4A-5DF8-4021-B845-0DF9DB91E32D} = {662F7144-A851-40F7-A6EE-DE6325BC07BC}
	EndGlobalSection
	GlobalSection(ExtensibilityGlobals) = postSolution
		SolutionGuid = {78CEC30D-00D7-4551-9AAC-C35F54E824BF}
	EndGlobalSection
EndGlobal
