
Microsoft Visual Studio Solution File, Format Version 12.00
# Visual Studio Version 16
VisualStudioVersion = 16.0.28917.181
MinimumVisualStudioVersion = 10.0.40219.1
Project("{9A19103F-16F7-4668-BE54-9A1E7A4F7556}") = "Wiz.Template.API", "src\Wiz.Template.API\Wiz.Template.API.csproj", "{9E49153B-CB6F-40A2-B92B-3D69AEC8C425}"
EndProject
Project("{9A19103F-16F7-4668-BE54-9A1E7A4F7556}") = "Wiz.Template.Domain", "src\Wiz.Template.Domain\Wiz.Template.Domain.csproj", "{5AE1A3DC-A81E-4894-8899-F29BFFEC5BC2}"
EndProject
Project("{9A19103F-16F7-4668-BE54-9A1E7A4F7556}") = "Wiz.Template.Infra", "src\Wiz.Template.Infra\Wiz.Template.Infra.csproj", "{9C8B583D-0E7F-48EF-A96A-6E6D5F85A821}"
EndProject
Project("{2150E333-8FDC-42A3-9474-1A3956D46DE8}") = "src", "src", "{662F7144-A851-40F7-A6EE-DE6325BC07BC}"
EndProject
Project("{2150E333-8FDC-42A3-9474-1A3956D46DE8}") = "test", "test", "{79E05ACF-1AD9-4B93-AF9F-D04C097545E0}"
EndProject
Project("{9A19103F-16F7-4668-BE54-9A1E7A4F7556}") = "Wiz.Template.Integration.Tests", "test\Wiz.Template.Integration.Tests\Wiz.Template.Integration.Tests.csproj", "{3231A003-A869-4C2F-872C-215E3A1EECE0}"
EndProject
Project("{FAE04EC0-301F-11D3-BF4B-00C04F79EFBC}") = "Wiz.Template.Unit.Tests", "test\Wiz.Template.Unit.Tests\Wiz.Template.Unit.Tests.csproj", "{BDB38022-3FA4-44C7-9F30-0FDC40F1743C}"
EndProject
Global
	GlobalSection(SolutionConfigurationPlatforms) = preSolution
		Debug|Any CPU = Debug|Any CPU
		Release|Any CPU = Release|Any CPU
	EndGlobalSection
	GlobalSection(ProjectConfigurationPlatforms) = postSolution
		{9E49153B-CB6F-40A2-B92B-3D69AEC8C425}.Debug|Any CPU.ActiveCfg = Debug|Any CPU
		{9E49153B-CB6F-40A2-B92B-3D69AEC8C425}.Debug|Any CPU.Build.0 = Debug|Any CPU
		{9E49153B-CB6F-40A2-B92B-3D69AEC8C425}.Release|Any CPU.ActiveCfg = Release|Any CPU
		{9E49153B-CB6F-40A2-B92B-3D69AEC8C425}.Release|Any CPU.Build.0 = Release|Any CPU
		{5AE1A3DC-A81E-4894-8899-F29BFFEC5BC2}.Debug|Any CPU.ActiveCfg = Debug|Any CPU
		{5AE1A3DC-A81E-4894-8899-F29BFFEC5BC2}.Debug|Any CPU.Build.0 = Debug|Any CPU
		{5AE1A3DC-A81E-4894-8899-F29BFFEC5BC2}.Release|Any CPU.ActiveCfg = Release|Any CPU
		{5AE1A3DC-A81E-4894-8899-F29BFFEC5BC2}.Release|Any CPU.Build.0 = Release|Any CPU
		{9C8B583D-0E7F-48EF-A96A-6E6D5F85A821}.Debug|Any CPU.ActiveCfg = Debug|Any CPU
		{9C8B583D-0E7F-48EF-A96A-6E6D5F85A821}.Debug|Any CPU.Build.0 = Debug|Any CPU
		{9C8B583D-0E7F-48EF-A96A-6E6D5F85A821}.Release|Any CPU.ActiveCfg = Release|Any CPU
		{9C8B583D-0E7F-48EF-A96A-6E6D5F85A821}.Release|Any CPU.Build.0 = Release|Any CPU
		{3231A003-A869-4C2F-872C-215E3A1EECE0}.Debug|Any CPU.ActiveCfg = Debug|Any CPU
		{3231A003-A869-4C2F-872C-215E3A1EECE0}.Debug|Any CPU.Build.0 = Debug|Any CPU
		{3231A003-A869-4C2F-872C-215E3A1EECE0}.Release|Any CPU.ActiveCfg = Release|Any CPU
		{3231A003-A869-4C2F-872C-215E3A1EECE0}.Release|Any CPU.Build.0 = Release|Any CPU
		{BDB38022-3FA4-44C7-9F30-0FDC40F1743C}.Debug|Any CPU.ActiveCfg = Debug|Any CPU
		{BDB38022-3FA4-44C7-9F30-0FDC40F1743C}.Debug|Any CPU.Build.0 = Debug|Any CPU
		{BDB38022-3FA4-44C7-9F30-0FDC40F1743C}.Release|Any CPU.ActiveCfg = Release|Any CPU
		{BDB38022-3FA4-44C7-9F30-0FDC40F1743C}.Release|Any CPU.Build.0 = Release|Any CPU
	EndGlobalSection
	GlobalSection(SolutionProperties) = preSolution
		HideSolutionNode = FALSE
	EndGlobalSection
	GlobalSection(NestedProjects) = preSolution
		{9E49153B-CB6F-40A2-B92B-3D69AEC8C425} = {662F7144-A851-40F7-A6EE-DE6325BC07BC}
		{5AE1A3DC-A81E-4894-8899-F29BFFEC5BC2} = {662F7144-A851-40F7-A6EE-DE6325BC07BC}
		{9C8B583D-0E7F-48EF-A96A-6E6D5F85A821} = {662F7144-A851-40F7-A6EE-DE6325BC07BC}
		{3231A003-A869-4C2F-872C-215E3A1EECE0} = {79E05ACF-1AD9-4B93-AF9F-D04C097545E0}
		{BDB38022-3FA4-44C7-9F30-0FDC40F1743C} = {79E05ACF-1AD9-4B93-AF9F-D04C097545E0}
	EndGlobalSection
	GlobalSection(ExtensibilityGlobals) = postSolution
		SolutionGuid = {78CEC30D-00D7-4551-9AAC-C35F54E824BF}
	EndGlobalSection
EndGlobal
